
Microsoft Visual Studio Solution File, Format Version 12.00
# Visual Studio Version 17
VisualStudioVersion = 17.5.33516.290
MinimumVisualStudioVersion = 10.0.40219.1
Project("{FAE04EC0-301F-11D3-BF4B-00C04F79EFBC}") = "Mission25", "Mission25.csproj", "{0B25E38B-A388-4252-A65F-C44C1D9675C6}"
EndProject
Global
	GlobalSection(SolutionConfigurationPlatforms) = preSolution
		Debug|Any CPU = Debug|Any CPU
		Release|Any CPU = Release|Any CPU
	EndGlobalSection
	GlobalSection(ProjectConfigurationPlatforms) = postSolution
		{0B25E38B-A388-4252-A65F-C44C1D9675C6}.Debug|Any CPU.ActiveCfg = Debug|Any CPU
		{0B25E38B-A388-4252-A65F-C44C1D9675C6}.Debug|Any CPU.Build.0 = Debug|Any CPU
		{0B25E38B-A388-4252-A65F-C44C1D9675C6}.Release|Any CPU.ActiveCfg = Release|Any CPU
		{0B25E38B-A388-4252-A65F-C44C1D9675C6}.Release|Any CPU.Build.0 = Release|Any CPU
	EndGlobalSection
	GlobalSection(SolutionProperties) = preSolution
		HideSolutionNode = FALSE
	EndGlobalSection
	GlobalSection(ExtensibilityGlobals) = postSolution
		SolutionGuid = {CBE0FEBC-1BCE-45FC-952F-4FC9DCDF9D18}
	EndGlobalSection
EndGlobal
