
Microsoft Visual Studio Solution File, Format Version 12.00
# Visual Studio Version 17
VisualStudioVersion = 17.5.33516.290
MinimumVisualStudioVersion = 10.0.40219.1
Project("{FAE04EC0-301F-11D3-BF4B-00C04F79EFBC}") = "Task66", "Task66.csproj", "{C485EF33-43CE-4201-9CED-F754E95248CD}"
EndProject
Global
	GlobalSection(SolutionConfigurationPlatforms) = preSolution
		Debug|Any CPU = Debug|Any CPU
		Release|Any CPU = Release|Any CPU
	EndGlobalSection
	GlobalSection(ProjectConfigurationPlatforms) = postSolution
		{C485EF33-43CE-4201-9CED-F754E95248CD}.Debug|Any CPU.ActiveCfg = Debug|Any CPU
		{C485EF33-43CE-4201-9CED-F754E95248CD}.Debug|Any CPU.Build.0 = Debug|Any CPU
		{C485EF33-43CE-4201-9CED-F754E95248CD}.Release|Any CPU.ActiveCfg = Release|Any CPU
		{C485EF33-43CE-4201-9CED-F754E95248CD}.Release|Any CPU.Build.0 = Release|Any CPU
	EndGlobalSection
	GlobalSection(SolutionProperties) = preSolution
		HideSolutionNode = FALSE
	EndGlobalSection
	GlobalSection(ExtensibilityGlobals) = postSolution
		SolutionGuid = {C4C91193-98AC-40C9-AB6A-34BDCEA37303}
	EndGlobalSection
EndGlobal
