
Microsoft Visual Studio Solution File, Format Version 12.00
# Visual Studio Version 17
VisualStudioVersion = 17.5.33516.290
MinimumVisualStudioVersion = 10.0.40219.1
Project("{FAE04EC0-301F-11D3-BF4B-00C04F79EFBC}") = "Mission62", "Mission62.csproj", "{4A180540-C78C-4F55-9CDC-97E134141256}"
EndProject
Global
	GlobalSection(SolutionConfigurationPlatforms) = preSolution
		Debug|Any CPU = Debug|Any CPU
		Release|Any CPU = Release|Any CPU
	EndGlobalSection
	GlobalSection(ProjectConfigurationPlatforms) = postSolution
		{4A180540-C78C-4F55-9CDC-97E134141256}.Debug|Any CPU.ActiveCfg = Debug|Any CPU
		{4A180540-C78C-4F55-9CDC-97E134141256}.Debug|Any CPU.Build.0 = Debug|Any CPU
		{4A180540-C78C-4F55-9CDC-97E134141256}.Release|Any CPU.ActiveCfg = Release|Any CPU
		{4A180540-C78C-4F55-9CDC-97E134141256}.Release|Any CPU.Build.0 = Release|Any CPU
	EndGlobalSection
	GlobalSection(SolutionProperties) = preSolution
		HideSolutionNode = FALSE
	EndGlobalSection
	GlobalSection(ExtensibilityGlobals) = postSolution
		SolutionGuid = {B6E5589C-EB1C-4C42-AF24-5BFC441EDDD8}
	EndGlobalSection
EndGlobal
